
Microsoft Visual Studio Solution File, Format Version 12.00
# Visual Studio Version 16
VisualStudioVersion = 16.0.30002.166
MinimumVisualStudioVersion = 10.0.40219.1
Project("{9A19103F-16F7-4668-BE54-9A1E7A4F7556}") = "DiceGame", "DiceGame\DiceGame.csproj", "{865A8E4D-39D6-42FC-A20D-426A9729AF9A}"
EndProject
Project("{FAE04EC0-301F-11D3-BF4B-00C04F79EFBC}") = "DiceGame.Test", "DiceGame.Test\DiceGame.Test.csproj", "{DC9AC68C-FE46-4093-8F2E-2417F58D12B0}"
EndProject
Global
	GlobalSection(SolutionConfigurationPlatforms) = preSolution
		Debug|Any CPU = Debug|Any CPU
		Release|Any CPU = Release|Any CPU
	EndGlobalSection
	GlobalSection(ProjectConfigurationPlatforms) = postSolution
		{865A8E4D-39D6-42FC-A20D-426A9729AF9A}.Debug|Any CPU.ActiveCfg = Debug|Any CPU
		{865A8E4D-39D6-42FC-A20D-426A9729AF9A}.Debug|Any CPU.Build.0 = Debug|Any CPU
		{865A8E4D-39D6-42FC-A20D-426A9729AF9A}.Release|Any CPU.ActiveCfg = Release|Any CPU
		{865A8E4D-39D6-42FC-A20D-426A9729AF9A}.Release|Any CPU.Build.0 = Release|Any CPU
		{DC9AC68C-FE46-4093-8F2E-2417F58D12B0}.Debug|Any CPU.ActiveCfg = Debug|Any CPU
		{DC9AC68C-FE46-4093-8F2E-2417F58D12B0}.Debug|Any CPU.Build.0 = Debug|Any CPU
		{DC9AC68C-FE46-4093-8F2E-2417F58D12B0}.Release|Any CPU.ActiveCfg = Release|Any CPU
		{DC9AC68C-FE46-4093-8F2E-2417F58D12B0}.Release|Any CPU.Build.0 = Release|Any CPU
	EndGlobalSection
	GlobalSection(SolutionProperties) = preSolution
		HideSolutionNode = FALSE
	EndGlobalSection
	GlobalSection(ExtensibilityGlobals) = postSolution
		SolutionGuid = {47C4FC5E-DAB4-47C1-91B0-1A7DE7847835}
	EndGlobalSection
EndGlobal
